{
  "name": "teascript",
  "version": "0.0.0",
  "dependencies": {
    "async": {
      "version": "0.9.0",
      "from": "https://registry.npmjs.org/async/-/async-0.9.0.tgz",
      "resolved": "https://registry.npmjs.org/async/-/async-0.9.0.tgz"
    },
    "byline": {
      "version": "4.2.1",
      "from": "https://registry.npmjs.org/byline/-/byline-4.2.1.tgz",
      "resolved": "https://registry.npmjs.org/byline/-/byline-4.2.1.tgz"
    },
    "coffee-script": {
      "version": "1.9.0",
      "from": "https://registry.npmjs.org/coffee-script/-/coffee-script-1.9.0.tgz",
      "resolved": "https://registry.npmjs.org/coffee-script/-/coffee-script-1.9.0.tgz"
    },
    "underscore": {
      "version": "1.8.2",
      "from": "underscore@>=1.8.2 <2.0.0",
      "resolved": "https://registry.npmjs.org/underscore/-/underscore-1.8.2.tgz"
    },
    "yargs": {
      "version": "3.4.5",
      "from": "yargs@>=3.0.4 <4.0.0",
      "resolved": "https://registry.npmjs.org/yargs/-/yargs-3.4.5.tgz",
      "dependencies": {
        "camelcase": {
          "version": "1.0.2",
          "from": "camelcase@>=1.0.2 <2.0.0",
          "resolved": "https://registry.npmjs.org/camelcase/-/camelcase-1.0.2.tgz"
        },
        "decamelize": {
          "version": "1.0.0",
          "from": "decamelize@>=1.0.0 <2.0.0",
          "resolved": "https://registry.npmjs.org/decamelize/-/decamelize-1.0.0.tgz"
        },
        "window-size": {
          "version": "0.1.0",
          "from": "window-size@0.1.0",
          "resolved": "https://registry.npmjs.org/window-size/-/window-size-0.1.0.tgz"
        },
        "wordwrap": {
          "version": "0.0.2",
          "from": "wordwrap@0.0.2",
          "resolved": "https://registry.npmjs.org/wordwrap/-/wordwrap-0.0.2.tgz"
        }
      }
    }
  }
}
